
Microsoft Visual Studio Solution File, Format Version 12.00
# Visual Studio Version 16
VisualStudioVersion = 16.0.32126.315
MinimumVisualStudioVersion = 10.0.40219.1
Project("{FAE04EC0-301F-11D3-BF4B-00C04F79EFBC}") = "Lesson_1", "Lesson_1.csproj", "{379BE2E2-ADB9-4BC8-B893-E82A14F6650A}"
EndProject
Global
	GlobalSection(SolutionConfigurationPlatforms) = preSolution
		Debug|Any CPU = Debug|Any CPU
		Release|Any CPU = Release|Any CPU
	EndGlobalSection
	GlobalSection(ProjectConfigurationPlatforms) = postSolution
		{379BE2E2-ADB9-4BC8-B893-E82A14F6650A}.Debug|Any CPU.ActiveCfg = Debug|Any CPU
		{379BE2E2-ADB9-4BC8-B893-E82A14F6650A}.Debug|Any CPU.Build.0 = Debug|Any CPU
		{379BE2E2-ADB9-4BC8-B893-E82A14F6650A}.Release|Any CPU.ActiveCfg = Release|Any CPU
		{379BE2E2-ADB9-4BC8-B893-E82A14F6650A}.Release|Any CPU.Build.0 = Release|Any CPU
	EndGlobalSection
	GlobalSection(SolutionProperties) = preSolution
		HideSolutionNode = FALSE
	EndGlobalSection
	GlobalSection(ExtensibilityGlobals) = postSolution
		SolutionGuid = {1F9216F7-2710-40FD-988C-7021CF13C4AC}
	EndGlobalSection
EndGlobal
