
Microsoft Visual Studio Solution File, Format Version 12.00
# Visual Studio Version 17
VisualStudioVersion = 17.1.32421.90
MinimumVisualStudioVersion = 10.0.40219.1
Project("{9A19103F-16F7-4668-BE54-9A1E7A4F7556}") = "SOLIDWebApplication", "SOLIDWebApplication.csproj", "{1B3E47FB-3891-42E5-995B-6D89907DB66A}"
EndProject
Project("{9A19103F-16F7-4668-BE54-9A1E7A4F7556}") = "Matrix", "..\Matrix\Matrix.csproj", "{DE80189A-0381-4B84-B169-DDF5DE01E879}"
EndProject
Project("{9A19103F-16F7-4668-BE54-9A1E7A4F7556}") = "TestValidation", "..\TestValidation\TestValidation.csproj", "{65F39418-5444-4A15-BC57-689C378B6E6B}"
EndProject
Project("{9A19103F-16F7-4668-BE54-9A1E7A4F7556}") = "Cross-zero", "..\Cross-zero\Cross-zero.csproj", "{16CF6CA1-D510-4B19-87B5-5A8A827A46A6}"
EndProject
Project("{FAE04EC0-301F-11D3-BF4B-00C04F79EFBC}") = "PersonDataTest", "..\PersonDataTest\PersonDataTest.csproj", "{C22B2694-F0B6-4824-9B80-3CE6AF6AC449}"
EndProject
Global
	GlobalSection(SolutionConfigurationPlatforms) = preSolution
		Debug|Any CPU = Debug|Any CPU
		Release|Any CPU = Release|Any CPU
	EndGlobalSection
	GlobalSection(ProjectConfigurationPlatforms) = postSolution
		{1B3E47FB-3891-42E5-995B-6D89907DB66A}.Debug|Any CPU.ActiveCfg = Debug|Any CPU
		{1B3E47FB-3891-42E5-995B-6D89907DB66A}.Debug|Any CPU.Build.0 = Debug|Any CPU
		{1B3E47FB-3891-42E5-995B-6D89907DB66A}.Release|Any CPU.ActiveCfg = Release|Any CPU
		{1B3E47FB-3891-42E5-995B-6D89907DB66A}.Release|Any CPU.Build.0 = Release|Any CPU
		{DE80189A-0381-4B84-B169-DDF5DE01E879}.Debug|Any CPU.ActiveCfg = Debug|Any CPU
		{DE80189A-0381-4B84-B169-DDF5DE01E879}.Debug|Any CPU.Build.0 = Debug|Any CPU
		{DE80189A-0381-4B84-B169-DDF5DE01E879}.Release|Any CPU.ActiveCfg = Release|Any CPU
		{DE80189A-0381-4B84-B169-DDF5DE01E879}.Release|Any CPU.Build.0 = Release|Any CPU
		{65F39418-5444-4A15-BC57-689C378B6E6B}.Debug|Any CPU.ActiveCfg = Debug|Any CPU
		{65F39418-5444-4A15-BC57-689C378B6E6B}.Debug|Any CPU.Build.0 = Debug|Any CPU
		{65F39418-5444-4A15-BC57-689C378B6E6B}.Release|Any CPU.ActiveCfg = Release|Any CPU
		{65F39418-5444-4A15-BC57-689C378B6E6B}.Release|Any CPU.Build.0 = Release|Any CPU
		{16CF6CA1-D510-4B19-87B5-5A8A827A46A6}.Debug|Any CPU.ActiveCfg = Debug|Any CPU
		{16CF6CA1-D510-4B19-87B5-5A8A827A46A6}.Debug|Any CPU.Build.0 = Debug|Any CPU
		{16CF6CA1-D510-4B19-87B5-5A8A827A46A6}.Release|Any CPU.ActiveCfg = Release|Any CPU
		{16CF6CA1-D510-4B19-87B5-5A8A827A46A6}.Release|Any CPU.Build.0 = Release|Any CPU
		{C22B2694-F0B6-4824-9B80-3CE6AF6AC449}.Debug|Any CPU.ActiveCfg = Debug|Any CPU
		{C22B2694-F0B6-4824-9B80-3CE6AF6AC449}.Debug|Any CPU.Build.0 = Debug|Any CPU
		{C22B2694-F0B6-4824-9B80-3CE6AF6AC449}.Release|Any CPU.ActiveCfg = Release|Any CPU
		{C22B2694-F0B6-4824-9B80-3CE6AF6AC449}.Release|Any CPU.Build.0 = Release|Any CPU
	EndGlobalSection
	GlobalSection(SolutionProperties) = preSolution
		HideSolutionNode = FALSE
	EndGlobalSection
	GlobalSection(ExtensibilityGlobals) = postSolution
		SolutionGuid = {045BEEE2-3FC6-4522-B5C5-FA6593A91713}
	EndGlobalSection
EndGlobal
